<?xml version="1.0" encoding="utf-8"?>
<Project ToolsVersion="4.0" xmlns="http://schemas.microsoft.com/developer/msbuild/2003">
  <ItemGroup>
    <Filter Include="Source Files">
      <UniqueIdentifier>{4FC737F1-C7A5-4376-A066-2A32D752A2FF}</UniqueIdentifier>
      <Extensions>cpp;c;cc;cxx;c++;cppm;ixx;def;odl;idl;hpj;bat;asm;asmx</Extensions>
    </Filter>
    <Filter Include="Header Files">
      <UniqueIdentifier>{93995380-89BD-4b04-88EB-625FBE52EBFB}</UniqueIdentifier>
      <Extensions>h;hh;hpp;hxx;h++;hm;inl;inc;ipp;xsd</Extensions>
    </Filter>
    <Filter Include="Resource Files">
      <UniqueIdentifier>{67DA6AB6-F800-4c08-8B7A-83BB121AAD01}</UniqueIdentifier>
      <Extensions>rc;ico;cur;bmp;dlg;rc2;rct;bin;rgs;gif;jpg;jpeg;jpe;resx;tiff;tif;png;wav;mfcribbon-ms</Extensions>
    </Filter>
    <Filter Include="Source Files\Common">
      <UniqueIdentifier>{aee77c89-e037-42e0-a7cf-dec2dfce38be}</UniqueIdentifier>
    </Filter>
    <Filter Include="Header Files\Common">
      <UniqueIdentifier>{1c8c126e-47c1-4ff0-9f5a-1dbc284ffab3}</UniqueIdentifier>
    </Filter>
    <Filter Include="Header Files\Stubs">
      <UniqueIdentifier>{81e1f66b-9ba0-47c3-b82e-df97e2402062}</UniqueIdentifier>
    </Filter>
    <Filter Include="Source Files\Stubs">
      <UniqueIdentifier>{f5570c95-0ca2-48dd-ac36-0cc32c22ca35}</UniqueIdentifier>
    </Filter>
    <Filter Include="Header Files\Framework">
      <UniqueIdentifier>{4ef28132-e5f6-41b3-8851-f32ea742029c}</UniqueIdentifier>
    </Filter>
    <Filter Include="Header Files\App">
      <UniqueIdentifier>{1457dec8-4881-4797-9011-3e9b626a5bf3}</UniqueIdentifier>
    </Filter>
    <Filter Include="Source Files\App">
      <UniqueIdentifier>{4de9de93-331a-44cf-80c2-be04ae5e237f}</UniqueIdentifier>
    </Filter>
    <Filter Include="Header Files\Patterns">
      <UniqueIdentifier>{10b41346-0171-4d9f-9afd-a116b906920c}</UniqueIdentifier>
    </Filter>
    <Filter Include="Source Files\Patterns">
      <UniqueIdentifier>{5533cbdb-dfc8-40c3-bd8d-c3eb71df3d7e}</UniqueIdentifier>
    </Filter>
    <Filter Include="Documentation">
      <UniqueIdentifier>{27c2dd13-70e2-460e-bb23-4caab7e4d0d8}</UniqueIdentifier>
    </Filter>
  </ItemGroup>
  <ItemGroup>
    <ClInclude Include="AssertUtils.h">
      <Filter>Header Files\Common</Filter>
    </ClInclude>
    <ClInclude Include="BitsUtils.h">
      <Filter>Header Files\Common</Filter>
    </ClInclude>
    <ClInclude Include="CharUtils.h">
      <Filter>Header Files\Common</Filter>
    </ClInclude>
    <ClInclude Include="MathUtils.h">
      <Filter>Header Files\Common</Filter>
    </ClInclude>
    <ClInclude Include="ClassNames.h">
      <Filter>Header Files\Stubs</Filter>
    </ClInclude>
    <ClInclude Include="ArduinoStub.h">
      <Filter>Header Files\Stubs</Filter>
    </ClInclude>
    <ClInclude Include="MidiStub.h">
      <Filter>Header Files\Stubs</Filter>
    </ClInclude>
    <ClInclude Include="SerialStub.h">
      <Filter>Header Files\Stubs</Filter>
    </ClInclude>
    <ClInclude Include="framework.h">
      <Filter>Header Files\Framework</Filter>
    </ClInclude>
    <ClInclude Include="targetver.h">
      <Filter>Header Files\Framework</Filter>
    </ClInclude>
    <ClInclude Include="StringUtils.h">
      <Filter>Header Files\Common</Filter>
    </ClInclude>
    <ClInclude Include="Resource.h">
      <Filter>Header Files</Filter>
    </ClInclude>
    <ClInclude Include="SynthLedStripsTypes.h">
      <Filter>Header Files\Stubs</Filter>
    </ClInclude>
    <ClInclude Include="FastLedStub.h">
      <Filter>Header Files\Stubs</Filter>
    </ClInclude>
    <ClInclude Include="SynthLedStrips.h">
      <Filter>Header Files\App</Filter>
    </ClInclude>
    <ClInclude Include="LedStrip.h">
      <Filter>Header Files\App</Filter>
    </ClInclude>
    <ClInclude Include="MidiInjection.h">
      <Filter>Header Files\App</Filter>
    </ClInclude>
    <ClInclude Include="MidiKeyboard.h">
      <Filter>Header Files\App</Filter>
    </ClInclude>
    <ClInclude Include="Time.h">
      <Filter>Header Files\App</Filter>
    </ClInclude>
    <ClInclude Include="LedColor.h">
      <Filter>Header Files\App</Filter>
    </ClInclude>
    <ClInclude Include="PatternKnightRider.h">
      <Filter>Header Files\Patterns</Filter>
    </ClInclude>
    <ClInclude Include="PatternOff.h">
      <Filter>Header Files\Patterns</Filter>
    </ClInclude>
    <ClInclude Include="MemoryUtils.h">
      <Filter>Header Files\Common</Filter>
    </ClInclude>
    <ClInclude Include="PatternMidiNoteOnOff.h">
      <Filter>Header Files\Patterns</Filter>
    </ClInclude>
    <ClInclude Include="LedStrips.h">
      <Filter>Header Files\App</Filter>
    </ClInclude>
    <ClInclude Include="Pattern.h">
      <Filter>Header Files\App</Filter>
    </ClInclude>
    <ClInclude Include="Patterns.h">
      <Filter>Header Files\App</Filter>
    </ClInclude>
    <ClInclude Include="MidiKeyboards.h">
      <Filter>Header Files\App</Filter>
    </ClInclude>
    <ClInclude Include="ArrayUtils.h">
      <Filter>Header Files\Common</Filter>
    </ClInclude>
    <ClInclude Include="MidiProcessor.h">
      <Filter>Header Files\App</Filter>
    </ClInclude>
    <ClInclude Include="MidiNote.h">
      <Filter>Header Files\App</Filter>
    </ClInclude>
    <ClInclude Include="SerialUtils.h">
      <Filter>Header Files\Common</Filter>
    </ClInclude>
  </ItemGroup>
  <ItemGroup>
    <ClCompile Include="AssertUtils.cpp">
      <Filter>Source Files\Common</Filter>
    </ClCompile>
    <ClCompile Include="BitsUtils.cpp">
      <Filter>Source Files\Common</Filter>
    </ClCompile>
    <ClCompile Include="CharUtils.cpp">
      <Filter>Source Files\Common</Filter>
    </ClCompile>
    <ClCompile Include="MathUtils.cpp">
      <Filter>Source Files\Common</Filter>
    </ClCompile>
    <ClCompile Include="ArduinoStub.cpp">
      <Filter>Source Files\Stubs</Filter>
    </ClCompile>
    <ClCompile Include="FastLedStub.cpp">
      <Filter>Source Files\Stubs</Filter>
    </ClCompile>
    <ClCompile Include="MidiStub.cpp">
      <Filter>Source Files\Stubs</Filter>
    </ClCompile>
    <ClCompile Include="SerialStub.cpp">
      <Filter>Source Files\Stubs</Filter>
    </ClCompile>
    <ClCompile Include="StringUtils.cpp">
      <Filter>Source Files\Common</Filter>
    </ClCompile>
    <ClCompile Include="SynthLedStrips.cpp">
      <Filter>Source Files\App</Filter>
    </ClCompile>
    <ClCompile Include="LedStrip.cpp">
      <Filter>Source Files\App</Filter>
    </ClCompile>
    <ClCompile Include="MidiInjection.cpp">
      <Filter>Source Files\App</Filter>
    </ClCompile>
    <ClCompile Include="MidiKeyboard.cpp">
      <Filter>Source Files\App</Filter>
    </ClCompile>
    <ClCompile Include="Window.cpp">
      <Filter>Source Files\App</Filter>
    </ClCompile>
    <ClCompile Include="LedColor.cpp">
      <Filter>Source Files\App</Filter>
    </ClCompile>
    <ClCompile Include="PatternKnightRider.cpp">
      <Filter>Source Files\Patterns</Filter>
    </ClCompile>
    <ClCompile Include="PatternOff.cpp">
      <Filter>Source Files\Patterns</Filter>
    </ClCompile>
    <ClCompile Include="MemoryUtils.cpp">
      <Filter>Source Files\Common</Filter>
    </ClCompile>
    <ClCompile Include="PatternMidiNoteOnOff.cpp">
      <Filter>Source Files\Patterns</Filter>
    </ClCompile>
    <ClCompile Include="LedStrips.cpp">
      <Filter>Source Files\App</Filter>
    </ClCompile>
    <ClCompile Include="Pattern.cpp">
      <Filter>Source Files\App</Filter>
    </ClCompile>
    <ClCompile Include="Patterns.cpp">
      <Filter>Source Files\App</Filter>
    </ClCompile>
    <ClCompile Include="MidiKeyboards.cpp">
      <Filter>Source Files\App</Filter>
    </ClCompile>
    <ClCompile Include="ArrayUtils.cpp">
      <Filter>Source Files\Common</Filter>
    </ClCompile>
    <ClCompile Include="MidiProcessor.cpp">
      <Filter>Source Files\App</Filter>
    </ClCompile>
    <ClCompile Include="MidiNote.cpp">
      <Filter>Source Files\App</Filter>
    </ClCompile>
    <ClCompile Include="SerialUtils.cpp">
      <Filter>Source Files\Common</Filter>
    </ClCompile>
  </ItemGroup>
  <ItemGroup>
    <ResourceCompile Include="SynthLedStrips.rc">
      <Filter>Resource Files</Filter>
    </ResourceCompile>
  </ItemGroup>
  <ItemGroup>
    <Image Include="small.ico">
      <Filter>Resource Files</Filter>
    </Image>
    <Image Include="SynthLedStrips.ico">
      <Filter>Resource Files</Filter>
    </Image>
  </ItemGroup>
  <ItemGroup>
    <None Include="SynthLedStrips.ino" />
  </ItemGroup>
  <ItemGroup>
    <Text Include="Colors.txt">
      <Filter>Documentation</Filter>
    </Text>
  </ItemGroup>
</Project>